
Microsoft Visual Studio Solution File, Format Version 12.00
# Visual Studio 2013
Project("{FAE04EC0-301F-11D3-BF4B-00C04F79EFBC}") = "UnityVS.NavMeshHelper.CSharp", "UnityVS.NavMeshHelper.CSharp.csproj", "{AAED9745-8EBB-9F1F-05BA-69358962B302}"
EndProject
Global
	GlobalSection(SolutionConfigurationPlatforms) = preSolution
		Debug|Any CPU = Debug|Any CPU
		Release|Any CPU = Release|Any CPU
	EndGlobalSection
	GlobalSection(ProjectConfigurationPlatforms) = postSolution
		{AAED9745-8EBB-9F1F-05BA-69358962B302}.Debug|Any CPU.ActiveCfg = Debug|Any CPU
		{AAED9745-8EBB-9F1F-05BA-69358962B302}.Debug|Any CPU.Build.0 = Debug|Any CPU
		{AAED9745-8EBB-9F1F-05BA-69358962B302}.Release|Any CPU.ActiveCfg = Release|Any CPU
		{AAED9745-8EBB-9F1F-05BA-69358962B302}.Release|Any CPU.Build.0 = Release|Any CPU
	EndGlobalSection
	GlobalSection(SolutionProperties) = preSolution
		HideSolutionNode = FALSE
	EndGlobalSection
EndGlobal
